
Microsoft Visual Studio Solution File, Format Version 12.00
# Visual Studio 15
Project("{FAE04EC0-301F-11D3-BF4B-00C04F79EFBC}") = "Assembly-CSharp", "Assembly-CSharp.csproj", "{7CA597AC-799E-2D81-E8A0-0EA9A568434E}"
EndProject
Project("{FAE04EC0-301F-11D3-BF4B-00C04F79EFBC}") = "PhotonVoice.API", "PhotonVoice.API.csproj", "{E1062B54-59AC-CCD7-EC65-51AF938A8FDA}"
EndProject
Project("{FAE04EC0-301F-11D3-BF4B-00C04F79EFBC}") = "PhotonVoice", "PhotonVoice.csproj", "{DB45484C-11A1-CBED-E9AA-17E6AA858A02}"
EndProject
Project("{FAE04EC0-301F-11D3-BF4B-00C04F79EFBC}") = "PhotonUnityNetworking.Demos", "PhotonUnityNetworking.Demos.csproj", "{4BD0971B-06FB-E93A-9A0C-8DC7385CA745}"
EndProject
Project("{FAE04EC0-301F-11D3-BF4B-00C04F79EFBC}") = "PhotonRealtime", "PhotonRealtime.csproj", "{5922D0CB-FF48-EFBB-7A6C-8F628AD69CDD}"
EndProject
Project("{FAE04EC0-301F-11D3-BF4B-00C04F79EFBC}") = "PhotonUnityNetworking", "PhotonUnityNetworking.csproj", "{88197735-1C21-B81F-5B76-342437FD5632}"
EndProject
Project("{FAE04EC0-301F-11D3-BF4B-00C04F79EFBC}") = "PhotonUnityNetworking.Utilities", "PhotonUnityNetworking.Utilities.csproj", "{F4FE0513-CF3C-9493-3EC7-677493B8A770}"
EndProject
Project("{FAE04EC0-301F-11D3-BF4B-00C04F79EFBC}") = "PhotonChat", "PhotonChat.csproj", "{CADFC1B8-B8AF-E53E-80D0-FE36D3B95E68}"
EndProject
Project("{FAE04EC0-301F-11D3-BF4B-00C04F79EFBC}") = "PhotonVoice.PUN", "PhotonVoice.PUN.csproj", "{9D73A507-21FE-7FF0-380B-0A03A68C1062}"
EndProject
Project("{FAE04EC0-301F-11D3-BF4B-00C04F79EFBC}") = "PhotonUnityNetworking.Editor", "PhotonUnityNetworking.Editor.csproj", "{27629620-D332-6B65-D027-C1F01973F9D6}"
EndProject
Project("{FAE04EC0-301F-11D3-BF4B-00C04F79EFBC}") = "PhotonVoice.Editor", "PhotonVoice.Editor.csproj", "{DFE9CEAD-3F63-ADA0-3880-E4B6E70890FB}"
EndProject
Project("{FAE04EC0-301F-11D3-BF4B-00C04F79EFBC}") = "PhotonUnityNetworking.Utilities.PhotonPlayer.Editor", "PhotonUnityNetworking.Utilities.PhotonPlayer.Editor.csproj", "{E1F30342-0E9E-2864-A83A-58E9493FAA4E}"
EndProject
Project("{FAE04EC0-301F-11D3-BF4B-00C04F79EFBC}") = "PunDemos.DemoSlotcarEditor", "PunDemos.DemoSlotcarEditor.csproj", "{B0F374F1-B787-2225-26DA-96C4E339AFDE}"
EndProject
Project("{FAE04EC0-301F-11D3-BF4B-00C04F79EFBC}") = "PhotonUnityNetworking.Utilities.Culling.Editor", "PhotonUnityNetworking.Utilities.Culling.Editor.csproj", "{30EA43A9-9C76-C572-A242-D459C7833672}"
EndProject
Project("{FAE04EC0-301F-11D3-BF4B-00C04F79EFBC}") = "PunDemos.DemoHubEditor", "PunDemos.DemoHubEditor.csproj", "{2485C22C-DA49-9B2A-40FA-BD1FBD0E704B}"
EndProject
Project("{FAE04EC0-301F-11D3-BF4B-00C04F79EFBC}") = "Assembly-CSharp-Editor", "Assembly-CSharp-Editor.csproj", "{350FE3E3-48A3-F652-05DF-AA9DB89C53B0}"
EndProject
Project("{FAE04EC0-301F-11D3-BF4B-00C04F79EFBC}") = "PhotonVoice.Utilities.Editor", "PhotonVoice.Utilities.Editor.csproj", "{6B90C855-845B-AF75-6CED-49BA6F5254A6}"
EndProject
Project("{FAE04EC0-301F-11D3-BF4B-00C04F79EFBC}") = "PhotonVoice.PUN.Editor", "PhotonVoice.PUN.Editor.csproj", "{299BEA7D-8EA6-1119-68BE-30FCDF503822}"
EndProject
Global
	GlobalSection(SolutionConfigurationPlatforms) = preSolution
		Debug|Any CPU = Debug|Any CPU
		Release|Any CPU = Release|Any CPU
	EndGlobalSection
	GlobalSection(ProjectConfigurationPlatforms) = postSolution
		{7CA597AC-799E-2D81-E8A0-0EA9A568434E}.Debug|Any CPU.ActiveCfg = Debug|Any CPU
		{7CA597AC-799E-2D81-E8A0-0EA9A568434E}.Debug|Any CPU.Build.0 = Debug|Any CPU
		{7CA597AC-799E-2D81-E8A0-0EA9A568434E}.Release|Any CPU.ActiveCfg = Release|Any CPU
		{7CA597AC-799E-2D81-E8A0-0EA9A568434E}.Release|Any CPU.Build.0 = Release|Any CPU
		{E1062B54-59AC-CCD7-EC65-51AF938A8FDA}.Debug|Any CPU.ActiveCfg = Debug|Any CPU
		{E1062B54-59AC-CCD7-EC65-51AF938A8FDA}.Debug|Any CPU.Build.0 = Debug|Any CPU
		{E1062B54-59AC-CCD7-EC65-51AF938A8FDA}.Release|Any CPU.ActiveCfg = Release|Any CPU
		{E1062B54-59AC-CCD7-EC65-51AF938A8FDA}.Release|Any CPU.Build.0 = Release|Any CPU
		{DB45484C-11A1-CBED-E9AA-17E6AA858A02}.Debug|Any CPU.ActiveCfg = Debug|Any CPU
		{DB45484C-11A1-CBED-E9AA-17E6AA858A02}.Debug|Any CPU.Build.0 = Debug|Any CPU
		{DB45484C-11A1-CBED-E9AA-17E6AA858A02}.Release|Any CPU.ActiveCfg = Release|Any CPU
		{DB45484C-11A1-CBED-E9AA-17E6AA858A02}.Release|Any CPU.Build.0 = Release|Any CPU
		{4BD0971B-06FB-E93A-9A0C-8DC7385CA745}.Debug|Any CPU.ActiveCfg = Debug|Any CPU
		{4BD0971B-06FB-E93A-9A0C-8DC7385CA745}.Debug|Any CPU.Build.0 = Debug|Any CPU
		{4BD0971B-06FB-E93A-9A0C-8DC7385CA745}.Release|Any CPU.ActiveCfg = Release|Any CPU
		{4BD0971B-06FB-E93A-9A0C-8DC7385CA745}.Release|Any CPU.Build.0 = Release|Any CPU
		{5922D0CB-FF48-EFBB-7A6C-8F628AD69CDD}.Debug|Any CPU.ActiveCfg = Debug|Any CPU
		{5922D0CB-FF48-EFBB-7A6C-8F628AD69CDD}.Debug|Any CPU.Build.0 = Debug|Any CPU
		{5922D0CB-FF48-EFBB-7A6C-8F628AD69CDD}.Release|Any CPU.ActiveCfg = Release|Any CPU
		{5922D0CB-FF48-EFBB-7A6C-8F628AD69CDD}.Release|Any CPU.Build.0 = Release|Any CPU
		{88197735-1C21-B81F-5B76-342437FD5632}.Debug|Any CPU.ActiveCfg = Debug|Any CPU
		{88197735-1C21-B81F-5B76-342437FD5632}.Debug|Any CPU.Build.0 = Debug|Any CPU
		{88197735-1C21-B81F-5B76-342437FD5632}.Release|Any CPU.ActiveCfg = Release|Any CPU
		{88197735-1C21-B81F-5B76-342437FD5632}.Release|Any CPU.Build.0 = Release|Any CPU
		{F4FE0513-CF3C-9493-3EC7-677493B8A770}.Debug|Any CPU.ActiveCfg = Debug|Any CPU
		{F4FE0513-CF3C-9493-3EC7-677493B8A770}.Debug|Any CPU.Build.0 = Debug|Any CPU
		{F4FE0513-CF3C-9493-3EC7-677493B8A770}.Release|Any CPU.ActiveCfg = Release|Any CPU
		{F4FE0513-CF3C-9493-3EC7-677493B8A770}.Release|Any CPU.Build.0 = Release|Any CPU
		{CADFC1B8-B8AF-E53E-80D0-FE36D3B95E68}.Debug|Any CPU.ActiveCfg = Debug|Any CPU
		{CADFC1B8-B8AF-E53E-80D0-FE36D3B95E68}.Debug|Any CPU.Build.0 = Debug|Any CPU
		{CADFC1B8-B8AF-E53E-80D0-FE36D3B95E68}.Release|Any CPU.ActiveCfg = Release|Any CPU
		{CADFC1B8-B8AF-E53E-80D0-FE36D3B95E68}.Release|Any CPU.Build.0 = Release|Any CPU
		{9D73A507-21FE-7FF0-380B-0A03A68C1062}.Debug|Any CPU.ActiveCfg = Debug|Any CPU
		{9D73A507-21FE-7FF0-380B-0A03A68C1062}.Debug|Any CPU.Build.0 = Debug|Any CPU
		{9D73A507-21FE-7FF0-380B-0A03A68C1062}.Release|Any CPU.ActiveCfg = Release|Any CPU
		{9D73A507-21FE-7FF0-380B-0A03A68C1062}.Release|Any CPU.Build.0 = Release|Any CPU
		{27629620-D332-6B65-D027-C1F01973F9D6}.Debug|Any CPU.ActiveCfg = Debug|Any CPU
		{27629620-D332-6B65-D027-C1F01973F9D6}.Debug|Any CPU.Build.0 = Debug|Any CPU
		{27629620-D332-6B65-D027-C1F01973F9D6}.Release|Any CPU.ActiveCfg = Release|Any CPU
		{27629620-D332-6B65-D027-C1F01973F9D6}.Release|Any CPU.Build.0 = Release|Any CPU
		{DFE9CEAD-3F63-ADA0-3880-E4B6E70890FB}.Debug|Any CPU.ActiveCfg = Debug|Any CPU
		{DFE9CEAD-3F63-ADA0-3880-E4B6E70890FB}.Debug|Any CPU.Build.0 = Debug|Any CPU
		{DFE9CEAD-3F63-ADA0-3880-E4B6E70890FB}.Release|Any CPU.ActiveCfg = Release|Any CPU
		{DFE9CEAD-3F63-ADA0-3880-E4B6E70890FB}.Release|Any CPU.Build.0 = Release|Any CPU
		{E1F30342-0E9E-2864-A83A-58E9493FAA4E}.Debug|Any CPU.ActiveCfg = Debug|Any CPU
		{E1F30342-0E9E-2864-A83A-58E9493FAA4E}.Debug|Any CPU.Build.0 = Debug|Any CPU
		{E1F30342-0E9E-2864-A83A-58E9493FAA4E}.Release|Any CPU.ActiveCfg = Release|Any CPU
		{E1F30342-0E9E-2864-A83A-58E9493FAA4E}.Release|Any CPU.Build.0 = Release|Any CPU
		{B0F374F1-B787-2225-26DA-96C4E339AFDE}.Debug|Any CPU.ActiveCfg = Debug|Any CPU
		{B0F374F1-B787-2225-26DA-96C4E339AFDE}.Debug|Any CPU.Build.0 = Debug|Any CPU
		{B0F374F1-B787-2225-26DA-96C4E339AFDE}.Release|Any CPU.ActiveCfg = Release|Any CPU
		{B0F374F1-B787-2225-26DA-96C4E339AFDE}.Release|Any CPU.Build.0 = Release|Any CPU
		{30EA43A9-9C76-C572-A242-D459C7833672}.Debug|Any CPU.ActiveCfg = Debug|Any CPU
		{30EA43A9-9C76-C572-A242-D459C7833672}.Debug|Any CPU.Build.0 = Debug|Any CPU
		{30EA43A9-9C76-C572-A242-D459C7833672}.Release|Any CPU.ActiveCfg = Release|Any CPU
		{30EA43A9-9C76-C572-A242-D459C7833672}.Release|Any CPU.Build.0 = Release|Any CPU
		{2485C22C-DA49-9B2A-40FA-BD1FBD0E704B}.Debug|Any CPU.ActiveCfg = Debug|Any CPU
		{2485C22C-DA49-9B2A-40FA-BD1FBD0E704B}.Debug|Any CPU.Build.0 = Debug|Any CPU
		{2485C22C-DA49-9B2A-40FA-BD1FBD0E704B}.Release|Any CPU.ActiveCfg = Release|Any CPU
		{2485C22C-DA49-9B2A-40FA-BD1FBD0E704B}.Release|Any CPU.Build.0 = Release|Any CPU
		{350FE3E3-48A3-F652-05DF-AA9DB89C53B0}.Debug|Any CPU.ActiveCfg = Debug|Any CPU
		{350FE3E3-48A3-F652-05DF-AA9DB89C53B0}.Debug|Any CPU.Build.0 = Debug|Any CPU
		{350FE3E3-48A3-F652-05DF-AA9DB89C53B0}.Release|Any CPU.ActiveCfg = Release|Any CPU
		{350FE3E3-48A3-F652-05DF-AA9DB89C53B0}.Release|Any CPU.Build.0 = Release|Any CPU
		{6B90C855-845B-AF75-6CED-49BA6F5254A6}.Debug|Any CPU.ActiveCfg = Debug|Any CPU
		{6B90C855-845B-AF75-6CED-49BA6F5254A6}.Debug|Any CPU.Build.0 = Debug|Any CPU
		{6B90C855-845B-AF75-6CED-49BA6F5254A6}.Release|Any CPU.ActiveCfg = Release|Any CPU
		{6B90C855-845B-AF75-6CED-49BA6F5254A6}.Release|Any CPU.Build.0 = Release|Any CPU
		{299BEA7D-8EA6-1119-68BE-30FCDF503822}.Debug|Any CPU.ActiveCfg = Debug|Any CPU
		{299BEA7D-8EA6-1119-68BE-30FCDF503822}.Debug|Any CPU.Build.0 = Debug|Any CPU
		{299BEA7D-8EA6-1119-68BE-30FCDF503822}.Release|Any CPU.ActiveCfg = Release|Any CPU
		{299BEA7D-8EA6-1119-68BE-30FCDF503822}.Release|Any CPU.Build.0 = Release|Any CPU
	EndGlobalSection
	GlobalSection(SolutionProperties) = preSolution
		HideSolutionNode = FALSE
	EndGlobalSection
EndGlobal
